// !$*UTF8*$!
{
	archiveVersion = 1;
	classes = {
	};
	objectVersion = 46;
	objects = {

/* Begin PBXBuildFile section */
		5CA979D31CC7215300CD2818 /* main.m in Sources */ = {isa = PBXBuildFile; fileRef = 5CA979D21CC7215300CD2818 /* main.m */; };
		5CA979D61CC7215300CD2818 /* AppDelegate.m in Sources */ = {isa = PBXBuildFile; fileRef = 5CA979D51CC7215300CD2818 /* AppDelegate.m */; };
		5CA979D91CC7215300CD2818 /* ViewController.m in Sources */ = {isa = PBXBuildFile; fileRef = 5CA979D81CC7215300CD2818 /* ViewController.m */; };
		5CA979DC1CC7215300CD2818 /* Main.storyboard in Resources */ = {isa = PBXBuildFile; fileRef = 5CA979DA1CC7215300CD2818 /* Main.storyboard */; };
		5CA979DE1CC7215300CD2818 /* Assets.xcassets in Resources */ = {isa = PBXBuildFile; fileRef = 5CA979DD1CC7215300CD2818 /* Assets.xcassets */; };
		5CA979E11CC7215300CD2818 /* LaunchScreen.storyboard in Resources */ = {isa = PBXBuildFile; fileRef = 5CA979DF1CC7215300CD2818 /* LaunchScreen.storyboard */; };
/* End PBXBuildFile section */

/* Begin PBXFileReference section */
		5CA979CE1CC7215300CD2818 /* Test.app */ = {isa = PBXFileReference; explicitFileType = wrapper.application; includeInIndex = 0; path = Test.app; sourceTree = BUILT_PRODUCTS_DIR; };
		5CA979D21CC7215300CD2818 /* main.m */ = {isa = PBXFileReference; lastKnownFileType = sourcecode.c.objc; path = main.m; sourceTree = "<group>"; };
		5CA979D41CC7215300CD2818 /* AppDelegate.h */ = {isa = PBXFileReference; lastKnownFileType = sourcecode.c.h; path = AppDelegate.h; sourceTree = "<group>"; };
		5CA979D51CC7215300CD2818 /* AppDelegate.m */ = {isa = PBXFileReference; lastKnownFileType = sourcecode.c.objc; path = AppDelegate.m; sourceTree = "<group>"; };
		5CA979D71CC7215300CD2818 /* ViewController.h */ = {isa = PBXFileReference; lastKnownFileType = sourcecode.c.h; path = ViewController.h; sourceTree = "<group>"; };
		5CA979D81CC7215300CD2818 /* ViewController.m */ = {isa = PBXFileReference; lastKnownFileType = sourcecode.c.objc; path = ViewController.m; sourceTree = "<group>"; };
		5CA979DB1CC7215300CD2818 /* Base */ = {isa = PBXFileReference; lastKnownFileType = file.storyboard; name = Base; path = Base.lproj/Main.storyboard; sourceTree = "<group>"; };
		5CA979DD1CC7215300CD2818 /* Assets.xcassets */ = {isa = PBXFileReference; lastKnownFileType = folder.assetcatalog; path = Assets.xcassets; sourceTree = "<group>"; };
		5CA979E01CC7215300CD2818 /* Base */ = {isa = PBXFileReference; lastKnownFileType = file.storyboard; name = Base; path = Base.lproj/LaunchScreen.storyboard; sourceTree = "<group>"; };
		5CA979E21CC7215300CD2818 /* Info.plist */ = {isa = PBXFileReference; lastKnownFileType = text.plist.xml; path = Info.plist; sourceTree = "<group>"; };
/* End PBXFileReference section */

/* Begin PBXFrameworksBuildPhase section */
		5CA979CB1CC7215300CD2818 /* Frameworks */ = {
			isa = PBXFrameworksBuildPhase;
			buildActionMask = 2147483647;
			files = (
			);
			runOnlyForDeploymentPostprocessing = 0;
		};
/* End PBXFrameworksBuildPhase section */

/* Begin PBXGroup section */
		5CA979C51CC7215300CD2818 = {
			isa = PBXGroup;
			children = (
				5CA979D01CC7215300CD2818 /* Test */,
				5CA979CF1CC7215300CD2818 /* Products */,
			);
			sourceTree = "<group>";
		};
		5CA979CF1CC7215300CD2818 /* Products */ = {
			isa = PBXGroup;
			children = (
				5CA979CE1CC7215300CD2818 /* Test.app */,
			);
			name = Products;
			sourceTree = "<group>";
		};
		5CA979D01CC7215300CD2818 /* Test */ = {
			isa = PBXGroup;
			children = (
				5CA979D41CC7215300CD2818 /* AppDelegate.h */,
				5CA979D51CC7215300CD2818 /* AppDelegate.m */,
				5CA979D71CC7215300CD2818 /* ViewController.h */,
				5CA979D81CC7215300CD2818 /* ViewController.m */,
				5CA979DA1CC7215300CD2818 /* Main.storyboard */,
				5CA979DD1CC7215300CD2818 /* Assets.xcassets */,
				5CA979DF1CC7215300CD2818 /* LaunchScreen.storyboard */,
				5CA979E21CC7215300CD2818 /* Info.plist */,
				5CA979D11CC7215300CD2818 /* Supporting Files */,
			);
			path = Test;
			sourceTree = "<group>";
		};
		5CA979D11CC7215300CD2818 /* Supporting Files */ = {
			isa = PBXGroup;
			children = (
				5CA979D21CC7215300CD2818 /* main.m */,
			);
			name = "Supporting Files";
			sourceTree = "<group>";
		};
/* End PBXGroup section */

/* Begin PBXNativeTarget section */
		5CA979CD1CC7215300CD2818 /* Test */ = {
			isa = PBXNativeTarget;
			buildConfigurationList = 5CA979E51CC7215300CD2818 /* Build configuration list for PBXNativeTarget "Test" */;
			buildPhases = (
				5CA979CA1CC7215300CD2818 /* Sources */,
				5CA979CB1CC7215300CD2818 /* Frameworks */,
				5CA979CC1CC7215300CD2818 /* Resources */,
			);
			buildRules = (
			);
			dependencies = (
			);
			name = Test;
			productName = Test;
			productReference = 5CA979CE1CC7215300CD2818 /* Test.app */;
			productType = "com.apple.product-type.application";
		};
/* End PBXNativeTarget section */

/* Begin PBXProject section */
		5CA979C61CC7215300CD2818 /* Project object */ = {
			isa = PBXProject;
			attributes = {
				LastUpgradeCheck = 0730;
				ORGANIZATIONNAME = "IOS-Sun";
				TargetAttributes = {
					5CA979CD1CC7215300CD2818 = {
						CreatedOnToolsVersion = 7.3;
					};
				};
			};
			buildConfigurationList = 5CA979C91CC7215300CD2818 /* Build configuration list for PBXProject "Test" */;
			compatibilityVersion = "Xcode 3.2";
			developmentRegion = English;
			hasScannedForEncodings = 0;
			knownRegions = (
				en,
				Base,
			);
			mainGroup = 5CA979C51CC7215300CD2818;
			productRefGroup = 5CA979CF1CC7215300CD2818 /* Products */;
			projectDirPath = "";
			projectRoot = "";
			targets = (
				5CA979CD1CC7215300CD2818 /* Test */,
			);
		};
/* End PBXProject section */

/* Begin PBXResourcesBuildPhase section */
		5CA979CC1CC7215300CD2818 /* Resources */ = {
			isa = PBXResourcesBuildPhase;
			buildActionMask = 2147483647;
			files = (
				5CA979E11CC7215300CD2818 /* LaunchScreen.storyboard in Resources */,
				5CA979DE1CC7215300CD2818 /* Assets.xcassets in Resources */,
				5CA979DC1CC7215300CD2818 /* Main.storyboard in Resources */,
			);
			runOnlyForDeploymentPostprocessing = 0;
		};
/* End PBXResourcesBuildPhase section */

/* Begin PBXSourcesBuildPhase section */
		5CA979CA1CC7215300CD2818 /* Sources */ = {
			isa = PBXSourcesBuildPhase;
			buildActionMask = 2147483647;
			files = (
				5CA979D91CC7215300CD2818 /* ViewController.m in Sources */,
				5CA979D61CC7215300CD2818 /* AppDelegate.m in Sources */,
				5CA979D31CC7215300CD2818 /* main.m in Sources */,
			);
			runOnlyForDeploymentPostprocessing = 0;
		};
/* End PBXSourcesBuildPhase section */

/* Begin PBXVariantGroup section */
		5CA979DA1CC7215300CD2818 /* Main.storyboard */ = {
			isa = PBXVariantGroup;
			children = (
				5CA979DB1CC7215300CD2818 /* Base */,
			);
			name = Main.storyboard;
			sourceTree = "<group>";
		};
		5CA979DF1CC7215300CD2818 /* LaunchScreen.storyboard */ = {
			isa = PBXVariantGroup;
			children = (
				5CA979E01CC7215300CD2818 /* Base */,
			);
			name = LaunchScreen.storyboard;
			sourceTree = "<group>";
		};
/* End PBXVariantGroup section */

/* Begin XCBuildConfiguration section */
		5CA979E31CC7215300CD2818 /* Debug */ = {
			isa = XCBuildConfiguration;
			buildSettings = {
				ALWAYS_SEARCH_USER_PATHS = NO;
				CLANG_ANALYZER_NONNULL = YES;
				CLANG_CXX_LANGUAGE_STANDARD = "gnu++0x";
				CLANG_CXX_LIBRARY = "libc++";
				CLANG_ENABLE_MODULES = YES;
				CLANG_ENABLE_OBJC_ARC = YES;
				CLANG_WARN_BOOL_CONVERSION = YES;
				CLANG_WARN_CONSTANT_CONVERSION = YES;
				CLANG_WARN_DIRECT_OBJC_ISA_USAGE = YES_ERROR;
				CLANG_WARN_EMPTY_BODY = YES;
				CLANG_WARN_ENUM_CONVERSION = YES;
				CLANG_WARN_INT_CONVERSION = YES;
				CLANG_WARN_OBJC_ROOT_CLASS = YES_ERROR;
				CLANG_WARN_UNREACHABLE_CODE = YES;
				CLANG_WARN__DUPLICATE_METHOD_MATCH = YES;
				"CODE_SIGN_IDENTITY[sdk=iphoneos*]" = "iPhone Developer";
				COPY_PHASE_STRIP = NO;
				DEBUG_INFORMATION_FORMAT = dwarf;
				ENABLE_STRICT_OBJC_MSGSEND = YES;
				ENABLE_TESTABILITY = YES;
				GCC_C_LANGUAGE_STANDARD = gnu99;
				GCC_DYNAMIC_NO_PIC = NO;
				GCC_NO_COMMON_BLOCKS = YES;
				GCC_OPTIMIZATION_LEVEL = 0;
				GCC_PREPROCESSOR_DEFINITIONS = (
					"DEBUG=1",
					"$(inherited)",
				);
				GCC_WARN_64_TO_32_BIT_CONVERSION = YES;
				GCC_WARN_ABOUT_RETURN_TYPE = YES_ERROR;
				GCC_WARN_UNDECLARED_SELECTOR = YES;
				GCC_WARN_UNINITIALIZED_AUTOS = YES_AGGRESSIVE;
				GCC_WARN_UNUSED_FUNCTION = YES;
				GCC_WARN_UNUSED_VARIABLE = YES;
				IPHONEOS_DEPLOYMENT_TARGET = 9.3;
				MTL_ENABLE_DEBUG_INFO = YES;
				ONLY_ACTIVE_ARCH = YES;
				SDKROOT = iphoneos;
			};
			name = Debug;
		};
		5CA979E41CC7215300CD2818 /* Release */ = {
			isa = XCBuildConfiguration;
			buildSettings = {
				ALWAYS_SEARCH_USER_PATHS = NO;
				CLANG_ANALYZER_NONNULL = YES;
				CLANG_CXX_LANGUAGE_STANDARD = "gnu++0x";
				CLANG_CXX_LIBRARY = "libc++";
				CLANG_ENABLE_MODULES = YES;
				CLANG_ENABLE_OBJC_ARC = YES;
				CLANG_WARN_BOOL_CONVERSION = YES;
				CLANG_WARN_CONSTANT_CONVERSION = YES;
				CLANG_WARN_DIRECT_OBJC_ISA_USAGE = YES_ERROR;
				CLANG_WARN_EMPTY_BODY = YES;
				CLANG_WARN_ENUM_CONVERSION = YES;
				CLANG_WARN_INT_CONVERSION = YES;
				CLANG_WARN_OBJC_ROOT_CLASS = YES_ERROR;
				CLANG_WARN_UNREACHABLE_CODE = YES;
				CLANG_WARN__DUPLICATE_METHOD_MATCH = YES;
				"CODE_SIGN_IDENTITY[sdk=iphoneos*]" = "iPhone Developer";
				COPY_PHASE_STRIP = NO;
				DEBUG_INFORMATION_FORMAT = "dwarf-with-dsym";
				ENABLE_NS_ASSERTIONS = NO;
				ENABLE_STRICT_OBJC_MSGSEND = YES;
				GCC_C_LANGUAGE_STANDARD = gnu99;
				GCC_NO_COMMON_BLOCKS = YES;
				GCC_WARN_64_TO_32_BIT_CONVERSION = YES;
				GCC_WARN_ABOUT_RETURN_TYPE = YES_ERROR;
				GCC_WARN_UNDECLARED_SELECTOR = YES;
				GCC_WARN_UNINITIALIZED_AUTOS = YES_AGGRESSIVE;
				GCC_WARN_UNUSED_FUNCTION = YES;
				GCC_WARN_UNUSED_VARIABLE = YES;
				IPHONEOS_DEPLOYMENT_TARGET = 9.3;
				MTL_ENABLE_DEBUG_INFO = NO;
				SDKROOT = iphoneos;
				VALIDATE_PRODUCT = YES;
			};
			name = Release;
		};
		5CA979E61CC7215300CD2818 /* Debug */ = {
			isa = XCBuildConfiguration;
			buildSettings = {
				ASSETCATALOG_COMPILER_APPICON_NAME = AppIcon;
				INFOPLIST_FILE = Test/Info.plist;
				LD_RUNPATH_SEARCH_PATHS = "$(inherited) @executable_path/Frameworks";
				PRODUCT_BUNDLE_IDENTIFIER = sh.Test;
				PRODUCT_NAME = "$(TARGET_NAME)";
			};
			name = Debug;
		};
		5CA979E71CC7215300CD2818 /* Release */ = {
			isa = XCBuildConfiguration;
			buildSettings = {
				ASSETCATALOG_COMPILER_APPICON_NAME = AppIcon;
				INFOPLIST_FILE = Test/Info.plist;
				LD_RUNPATH_SEARCH_PATHS = "$(inherited) @executable_path/Frameworks";
				PRODUCT_BUNDLE_IDENTIFIER = sh.Test;
				PRODUCT_NAME = "$(TARGET_NAME)";
			};
			name = Release;
		};
/* End XCBuildConfiguration section */

/* Begin XCConfigurationList section */
		5CA979C91CC7215300CD2818 /* Build configuration list for PBXProject "Test" */ = {
			isa = XCConfigurationList;
			buildConfigurations = (
				5CA979E31CC7215300CD2818 /* Debug */,
				5CA979E41CC7215300CD2818 /* Release */,
			);
			defaultConfigurationIsVisible = 0;
			defaultConfigurationName = Release;
		};
		5CA979E51CC7215300CD2818 /* Build configuration list for PBXNativeTarget "Test" */ = {
			isa = XCConfigurationList;
			buildConfigurations = (
				5CA979E61CC7215300CD2818 /* Debug */,
				5CA979E71CC7215300CD2818 /* Release */,
			);
			defaultConfigurationIsVisible = 0;
		};
/* End XCConfigurationList section */
	};
	rootObject = 5CA979C61CC7215300CD2818 /* Project object */;
}
